
Microsoft Visual Studio Solution File, Format Version 12.00
# Visual Studio Version 16
VisualStudioVersion = 16.0.29519.161
MinimumVisualStudioVersion = 10.0.40219.1
Project("{FAE04EC0-301F-11D3-BF4B-00C04F79EFBC}") = "BlazorAppThemes", "BlazorAppThemes\BlazorAppThemes.csproj", "{B0D7E1E4-4CFF-4995-805C-7BD30492A27A}"
EndProject
Global
	GlobalSection(SolutionConfigurationPlatforms) = preSolution
		Debug|Any CPU = Debug|Any CPU
		Release|Any CPU = Release|Any CPU
	EndGlobalSection
	GlobalSection(ProjectConfigurationPlatforms) = postSolution
		{B0D7E1E4-4CFF-4995-805C-7BD30492A27A}.Debug|Any CPU.ActiveCfg = Debug|Any CPU
		{B0D7E1E4-4CFF-4995-805C-7BD30492A27A}.Debug|Any CPU.Build.0 = Debug|Any CPU
		{B0D7E1E4-4CFF-4995-805C-7BD30492A27A}.Release|Any CPU.ActiveCfg = Release|Any CPU
		{B0D7E1E4-4CFF-4995-805C-7BD30492A27A}.Release|Any CPU.Build.0 = Release|Any CPU
	EndGlobalSection
	GlobalSection(SolutionProperties) = preSolution
		HideSolutionNode = FALSE
	EndGlobalSection
	GlobalSection(ExtensibilityGlobals) = postSolution
		SolutionGuid = {5853E7CF-4994-4A8F-B320-A53AB457B125}
	EndGlobalSection
EndGlobal
