
Microsoft Visual Studio Solution File, Format Version 12.00
# Visual Studio Version 17
VisualStudioVersion = 17.0.31912.275
MinimumVisualStudioVersion = 10.0.40219.1
Project("{FAE04EC0-301F-11D3-BF4B-00C04F79EFBC}") = "switcher", "switcher\switcher.csproj", "{5E075F11-2A6B-40CF-B02A-D8E63E516C79}"
EndProject
Global
	GlobalSection(SolutionConfigurationPlatforms) = preSolution
		Debug|Any CPU = Debug|Any CPU
		Release|Any CPU = Release|Any CPU
	EndGlobalSection
	GlobalSection(ProjectConfigurationPlatforms) = postSolution
		{5E075F11-2A6B-40CF-B02A-D8E63E516C79}.Debug|Any CPU.ActiveCfg = Debug|Any CPU
		{5E075F11-2A6B-40CF-B02A-D8E63E516C79}.Debug|Any CPU.Build.0 = Debug|Any CPU
		{5E075F11-2A6B-40CF-B02A-D8E63E516C79}.Release|Any CPU.ActiveCfg = Release|Any CPU
		{5E075F11-2A6B-40CF-B02A-D8E63E516C79}.Release|Any CPU.Build.0 = Release|Any CPU
	EndGlobalSection
	GlobalSection(SolutionProperties) = preSolution
		HideSolutionNode = FALSE
	EndGlobalSection
	GlobalSection(ExtensibilityGlobals) = postSolution
		SolutionGuid = {72970B79-FB59-42C7-9A78-16320EA0AC6B}
	EndGlobalSection
EndGlobal
